{
  "version": 4,
  "terraform_version": "1.10.5",
  "serial": 3,
  "lineage": "eb09e66d-d61e-bdb6-304c-2f1d6a550785",
  "outputs": {},
  "resources": [
    {
      "module": "module.EKS_Cluster",
      "mode": "managed",
      "type": "aws_eks_cluster",
      "name": "nikhil-cluster",
      "provider": "provider[\"registry.terraform.io/hashicorp/aws\"]",
      "instances": [
        {
          "schema_version": 1,
          "attributes": {
            "access_config": [
              {
                "authentication_mode": "CONFIG_MAP",
                "bootstrap_cluster_creator_admin_permissions": true
              }
            ],
            "arn": "arn:aws:eks:ap-south-1:559050250964:cluster/nikhil-node",
            "bootstrap_self_managed_addons": true,
            "certificate_authority": [
              {
                "data": "LS0tLS1CRUdJTiBDRVJUSUZJQ0FURS0tLS0tCk1JSURCVENDQWUyZ0F3SUJBZ0lJRG54N2tMT2hUWjh3RFFZSktvWklodmNOQVFFTEJRQXdGVEVUTUJFR0ExVUUKQXhNS2EzVmlaWEp1WlhSbGN6QWVGdzB5TlRBek1USXhOVEl5TURoYUZ3MHpOVEF6TVRBeE5USTNNRGhhTUJVeApFekFSQmdOVkJBTVRDbXQxWW1WeWJtVjBaWE13Z2dFaU1BMEdDU3FHU0liM0RRRUJBUVVBQTRJQkR3QXdnZ0VLCkFvSUJBUURGZWlUOGFtY0Z4ME44WVZrUlpwblhqaXd3MkFDT2FEditTM1JKVlFPcTlWTkd1a2gzT0t0ajR0bUgKdDhUSm5yODI5VW9sVCthY3hWeWFKbTI4MVJCem9TckJDZ3g3VHpBVDU1L0xLSUZUdFNTeWFtUEFCcjRlNzYyYQpsSUxRdTJncURrakJpMm9SZmhIOWhaUThzeFVTRUdFcXE1UFdGQ2VydlZyQmR6MEpKQ2FzS1FsdWFNU3JpWlU1CmpWRnVGdms5SGtpWWZHV3AwSnh2cWdDUVZuYlVOOGFUVHJ6SWRzdkJSMzh3NmEvRE1FaVA4SXJPbUI4dG56czEKNE1BbFJDSlpKRzdkNER3a3NtSDBoK05EWGVwMER3dzlOMjdvYzNmbU9XY0dvWGJuR1dwQVZXbHZKZDh2clJxSwpxdVV1RWhDcUIzSUxxU0piUUxjUFNZVlk5dGRiQWdNQkFBR2pXVEJYTUE0R0ExVWREd0VCL3dRRUF3SUNwREFQCkJnTlZIUk1CQWY4RUJUQURBUUgvTUIwR0ExVWREZ1FXQkJRb2hlL3kwSlJWZERRVy9ySS81cmNDRWNhdkpEQVYKQmdOVkhSRUVEakFNZ2dwcmRXSmxjbTVsZEdWek1BMEdDU3FHU0liM0RRRUJDd1VBQTRJQkFRQ2VXaVQ5ek5SVwpnUjlSSDRIU3lwMGhyaFUwZUQzMnl4VEJObzdHQVVvNGhSTDFGWGR2ZFhjOGNRZHViOGFrMU5UeVVqL0puZnc5CjEyUHhSVkxPamh6VGFVaGorL2pwOUJ0ZUJpOTF5cFVsR0wzQVZRY2hnTUh1UWhkRWFhelhBSmdHY1ZlOVk2UlcKNnFZMmRpNmFrclFBN281bEFoZXo5M0F6b0FYaEJqRk1WOFNKanp0TVR3ZUZzeEgrdW5MbGRkbG13cWFTSElkTQowLzJGVlErSEdiTGM2OGx1Q3BjQ1A2bjVXUXhZalNONkVOOTFoTTl4MzdCUmM4dXJGbFByNXlMcVdRdFpHUTByCk1NYkFTMFdsRmlxMEtiOFoxbGdXZEZlWVg3eWZxUTJqbGhidDNzZjlmaFJLQ1NpMlBaY2MvcnlId3E5L0ZhbzIKVEpJMEpQN2lVNlJnCi0tLS0tRU5EIENFUlRJRklDQVRFLS0tLS0K"
              }
            ],
            "cluster_id": null,
            "compute_config": [],
            "created_at": "2025-03-12T15:22:13Z",
            "enabled_cluster_log_types": null,
            "encryption_config": [],
            "endpoint": "https://243A5C2C32CE77ECDC219B9032B019A9.yl4.ap-south-1.eks.amazonaws.com",
            "id": "nikhil-node",
            "identity": [
              {
                "oidc": [
                  {
                    "issuer": "https://oidc.eks.ap-south-1.amazonaws.com/id/243A5C2C32CE77ECDC219B9032B019A9"
                  }
                ]
              }
            ],
            "kubernetes_network_config": [
              {
                "elastic_load_balancing": [
                  {
                    "enabled": false
                  }
                ],
                "ip_family": "ipv4",
                "service_ipv4_cidr": "10.100.0.0/16",
                "service_ipv6_cidr": ""
              }
            ],
            "name": "nikhil-node",
            "outpost_config": [],
            "platform_version": "eks.20",
            "remote_network_config": [],
            "role_arn": "arn:aws:iam::559050250964:role/eks_cluster",
            "status": "ACTIVE",
            "storage_config": [],
            "tags": null,
            "tags_all": {},
            "timeouts": null,
            "upgrade_policy": [
              {
                "support_type": "EXTENDED"
              }
            ],
            "version": "1.31",
            "vpc_config": [
              {
                "cluster_security_group_id": "sg-05ef07e969775bcf4",
                "endpoint_private_access": false,
                "endpoint_public_access": true,
                "public_access_cidrs": [
                  "0.0.0.0/0"
                ],
                "security_group_ids": null,
                "subnet_ids": [
                  "subnet-03e7be77a73c2355a",
                  "subnet-0c3779fe1169d259e",
                  "subnet-0ff3844f7e41b10d6"
                ],
                "vpc_id": "vpc-063de2c2209f518b1"
              }
            ],
            "zonal_shift_config": []
          },
          "sensitive_attributes": [],
          "private": "eyJlMmJmYjczMC1lY2FhLTExZTYtOGY4OC0zNDM2M2JjN2M0YzAiOnsiY3JlYXRlIjoxODAwMDAwMDAwMDAwLCJkZWxldGUiOjkwMDAwMDAwMDAwMCwidXBkYXRlIjozNjAwMDAwMDAwMDAwfSwic2NoZW1hX3ZlcnNpb24iOiIxIn0="
        }
      ]
    },
    {
      "module": "module.EKS_Node",
      "mode": "managed",
      "type": "aws_eks_node_group",
      "name": "nikhil-nodegroup",
      "provider": "provider[\"registry.terraform.io/hashicorp/aws\"]",
      "instances": [
        {
          "schema_version": 0,
          "attributes": {
            "ami_type": "AL2_x86_64",
            "arn": "arn:aws:eks:ap-south-1:559050250964:nodegroup/nikhil-node/nikhil-node-group/eacac57c-c3e4-f8c5-5ab4-fe193e931400",
            "capacity_type": "ON_DEMAND",
            "cluster_name": "nikhil-node",
            "disk_size": 20,
            "force_update_version": null,
            "id": "nikhil-node:nikhil-node-group",
            "instance_types": [
              "t2.micro"
            ],
            "labels": null,
            "launch_template": [],
            "node_group_name": "nikhil-node-group",
            "node_group_name_prefix": "",
            "node_repair_config": [],
            "node_role_arn": "arn:aws:iam::559050250964:role/eks_node",
            "release_version": "1.31.5-20250228",
            "remote_access": [],
            "resources": [
              {
                "autoscaling_groups": [
                  {
                    "name": "eks-nikhil-node-group-eacac57c-c3e4-f8c5-5ab4-fe193e931400"
                  }
                ],
                "remote_access_security_group_id": ""
              }
            ],
            "scaling_config": [
              {
                "desired_size": 3,
                "max_size": 10,
                "min_size": 3
              }
            ],
            "status": "ACTIVE",
            "subnet_ids": [
              "subnet-03e7be77a73c2355a",
              "subnet-0c3779fe1169d259e",
              "subnet-0ff3844f7e41b10d6"
            ],
            "tags": null,
            "tags_all": {},
            "taint": [],
            "timeouts": null,
            "update_config": [
              {
                "max_unavailable": 1,
                "max_unavailable_percentage": 0
              }
            ],
            "version": "1.31"
          },
          "sensitive_attributes": [],
          "private": "eyJlMmJmYjczMC1lY2FhLTExZTYtOGY4OC0zNDM2M2JjN2M0YzAiOnsiY3JlYXRlIjozNjAwMDAwMDAwMDAwLCJkZWxldGUiOjM2MDAwMDAwMDAwMDAsInVwZGF0ZSI6MzYwMDAwMDAwMDAwMH19",
          "dependencies": [
            "module.EKS_Cluster.aws_eks_cluster.nikhil-cluster"
          ]
        }
      ]
    }
  ],
  "check_results": null
}
